
Microsoft Visual Studio Solution File, Format Version 12.00
Project("{2150E333-8FDC-42A3-9474-1A3956D46DE8}") = "src", "src", "{96C9555E-3C97-4AB3-8331-E09C40B3562F}"
EndProject
Project("{FAE04EC0-301F-11D3-BF4B-00C04F79EFBC}") = "ReportRepair", "src\ReportRepair\ReportRepair.csproj", "{2792ADAD-2527-46E8-AE72-76AB01D88599}"
EndProject
Project("{FAE04EC0-301F-11D3-BF4B-00C04F79EFBC}") = "PasswordPhilosophy", "src\PasswordPhilosophy\PasswordPhilosophy.csproj", "{22796B11-894F-4A90-B3BB-DD4E5AF1762C}"
EndProject
Project("{FAE04EC0-301F-11D3-BF4B-00C04F79EFBC}") = "TobogganTrajectory", "src\TobogganTrajectory\TobogganTrajectory.csproj", "{8362BD69-BCBE-4A03-82AD-43933B520973}"
EndProject
Project("{FAE04EC0-301F-11D3-BF4B-00C04F79EFBC}") = "PassportProcessing", "src\PassportProcessing\PassportProcessing.csproj", "{F0064841-9261-494E-9568-121EB1C35168}"
EndProject
Project("{FAE04EC0-301F-11D3-BF4B-00C04F79EFBC}") = "BinaryBoarding", "src\BinaryBoarding\BinaryBoarding.csproj", "{3E6FDCEF-A1E5-4A92-8370-CC80797F959D}"
EndProject
Project("{FAE04EC0-301F-11D3-BF4B-00C04F79EFBC}") = "CustomCustoms", "src\CustomCustoms\CustomCustoms.csproj", "{4A34E9A6-BD9F-42A9-B600-9973B30C97C8}"
EndProject
Project("{FAE04EC0-301F-11D3-BF4B-00C04F79EFBC}") = "RocketEquation", "src\RocketEquation\RocketEquation.csproj", "{FFA6B8C6-7719-4E2D-9B1F-C8ED4EE1BCA1}"
EndProject
Global
	GlobalSection(SolutionConfigurationPlatforms) = preSolution
		Debug|Any CPU = Debug|Any CPU
		Release|Any CPU = Release|Any CPU
	EndGlobalSection
	GlobalSection(NestedProjects) = preSolution
		{2792ADAD-2527-46E8-AE72-76AB01D88599} = {96C9555E-3C97-4AB3-8331-E09C40B3562F}
		{22796B11-894F-4A90-B3BB-DD4E5AF1762C} = {96C9555E-3C97-4AB3-8331-E09C40B3562F}
		{8362BD69-BCBE-4A03-82AD-43933B520973} = {96C9555E-3C97-4AB3-8331-E09C40B3562F}
		{F0064841-9261-494E-9568-121EB1C35168} = {96C9555E-3C97-4AB3-8331-E09C40B3562F}
		{3E6FDCEF-A1E5-4A92-8370-CC80797F959D} = {96C9555E-3C97-4AB3-8331-E09C40B3562F}
		{4A34E9A6-BD9F-42A9-B600-9973B30C97C8} = {96C9555E-3C97-4AB3-8331-E09C40B3562F}
		{FFA6B8C6-7719-4E2D-9B1F-C8ED4EE1BCA1} = {96C9555E-3C97-4AB3-8331-E09C40B3562F}
	EndGlobalSection
	GlobalSection(ProjectConfigurationPlatforms) = postSolution
		{2792ADAD-2527-46E8-AE72-76AB01D88599}.Debug|Any CPU.ActiveCfg = Debug|Any CPU
		{2792ADAD-2527-46E8-AE72-76AB01D88599}.Debug|Any CPU.Build.0 = Debug|Any CPU
		{2792ADAD-2527-46E8-AE72-76AB01D88599}.Release|Any CPU.ActiveCfg = Release|Any CPU
		{2792ADAD-2527-46E8-AE72-76AB01D88599}.Release|Any CPU.Build.0 = Release|Any CPU
		{22796B11-894F-4A90-B3BB-DD4E5AF1762C}.Debug|Any CPU.ActiveCfg = Debug|Any CPU
		{22796B11-894F-4A90-B3BB-DD4E5AF1762C}.Debug|Any CPU.Build.0 = Debug|Any CPU
		{22796B11-894F-4A90-B3BB-DD4E5AF1762C}.Release|Any CPU.ActiveCfg = Release|Any CPU
		{22796B11-894F-4A90-B3BB-DD4E5AF1762C}.Release|Any CPU.Build.0 = Release|Any CPU
		{8362BD69-BCBE-4A03-82AD-43933B520973}.Debug|Any CPU.ActiveCfg = Debug|Any CPU
		{8362BD69-BCBE-4A03-82AD-43933B520973}.Debug|Any CPU.Build.0 = Debug|Any CPU
		{8362BD69-BCBE-4A03-82AD-43933B520973}.Release|Any CPU.ActiveCfg = Release|Any CPU
		{8362BD69-BCBE-4A03-82AD-43933B520973}.Release|Any CPU.Build.0 = Release|Any CPU
		{F0064841-9261-494E-9568-121EB1C35168}.Debug|Any CPU.ActiveCfg = Debug|Any CPU
		{F0064841-9261-494E-9568-121EB1C35168}.Debug|Any CPU.Build.0 = Debug|Any CPU
		{F0064841-9261-494E-9568-121EB1C35168}.Release|Any CPU.ActiveCfg = Release|Any CPU
		{F0064841-9261-494E-9568-121EB1C35168}.Release|Any CPU.Build.0 = Release|Any CPU
		{3E6FDCEF-A1E5-4A92-8370-CC80797F959D}.Debug|Any CPU.ActiveCfg = Debug|Any CPU
		{3E6FDCEF-A1E5-4A92-8370-CC80797F959D}.Debug|Any CPU.Build.0 = Debug|Any CPU
		{3E6FDCEF-A1E5-4A92-8370-CC80797F959D}.Release|Any CPU.ActiveCfg = Release|Any CPU
		{3E6FDCEF-A1E5-4A92-8370-CC80797F959D}.Release|Any CPU.Build.0 = Release|Any CPU
		{4A34E9A6-BD9F-42A9-B600-9973B30C97C8}.Debug|Any CPU.ActiveCfg = Debug|Any CPU
		{4A34E9A6-BD9F-42A9-B600-9973B30C97C8}.Debug|Any CPU.Build.0 = Debug|Any CPU
		{4A34E9A6-BD9F-42A9-B600-9973B30C97C8}.Release|Any CPU.ActiveCfg = Release|Any CPU
		{4A34E9A6-BD9F-42A9-B600-9973B30C97C8}.Release|Any CPU.Build.0 = Release|Any CPU
		{FFA6B8C6-7719-4E2D-9B1F-C8ED4EE1BCA1}.Debug|Any CPU.ActiveCfg = Debug|Any CPU
		{FFA6B8C6-7719-4E2D-9B1F-C8ED4EE1BCA1}.Debug|Any CPU.Build.0 = Debug|Any CPU
		{FFA6B8C6-7719-4E2D-9B1F-C8ED4EE1BCA1}.Release|Any CPU.ActiveCfg = Release|Any CPU
		{FFA6B8C6-7719-4E2D-9B1F-C8ED4EE1BCA1}.Release|Any CPU.Build.0 = Release|Any CPU
	EndGlobalSection
EndGlobal
